
Microsoft Visual Studio Solution File, Format Version 12.00
# Visual Studio 14
VisualStudioVersion = 14.0.25420.1
MinimumVisualStudioVersion = 10.0.40219.1
Project("{FAE04EC0-301F-11D3-BF4B-00C04F79EFBC}") = "GUI", "GUI\GUI.csproj", "{E14597E3-72CE-496D-9DB7-FFE13C7CA978}"
EndProject
Project("{FAE04EC0-301F-11D3-BF4B-00C04F79EFBC}") = "Modelo", "Modelo\Modelo.csproj", "{841C1F15-469E-4EE9-8735-75C79F936482}"
EndProject
Project("{FAE04EC0-301F-11D3-BF4B-00C04F79EFBC}") = "DAL", "DAL\DAL.csproj", "{E56423BF-0140-45AB-BA24-70416066ECF2}"
EndProject
Project("{FAE04EC0-301F-11D3-BF4B-00C04F79EFBC}") = "BLL", "BLL\BLL.csproj", "{6AC33685-F84E-4CC8-B4B2-ED478B6FEB4B}"
EndProject
Project("{FAE04EC0-301F-11D3-BF4B-00C04F79EFBC}") = "Ferramentas", "Ferramentas\Ferramentas.csproj", "{CA56B5CF-29B8-4ADA-8E43-A9AD6F9EB078}"
EndProject
Global
	GlobalSection(SolutionConfigurationPlatforms) = preSolution
		Debug|Any CPU = Debug|Any CPU
		Release|Any CPU = Release|Any CPU
	EndGlobalSection
	GlobalSection(ProjectConfigurationPlatforms) = postSolution
		{E14597E3-72CE-496D-9DB7-FFE13C7CA978}.Debug|Any CPU.ActiveCfg = Debug|Any CPU
		{E14597E3-72CE-496D-9DB7-FFE13C7CA978}.Debug|Any CPU.Build.0 = Debug|Any CPU
		{E14597E3-72CE-496D-9DB7-FFE13C7CA978}.Release|Any CPU.ActiveCfg = Release|Any CPU
		{E14597E3-72CE-496D-9DB7-FFE13C7CA978}.Release|Any CPU.Build.0 = Release|Any CPU
		{841C1F15-469E-4EE9-8735-75C79F936482}.Debug|Any CPU.ActiveCfg = Debug|Any CPU
		{841C1F15-469E-4EE9-8735-75C79F936482}.Debug|Any CPU.Build.0 = Debug|Any CPU
		{841C1F15-469E-4EE9-8735-75C79F936482}.Release|Any CPU.ActiveCfg = Release|Any CPU
		{841C1F15-469E-4EE9-8735-75C79F936482}.Release|Any CPU.Build.0 = Release|Any CPU
		{E56423BF-0140-45AB-BA24-70416066ECF2}.Debug|Any CPU.ActiveCfg = Debug|Any CPU
		{E56423BF-0140-45AB-BA24-70416066ECF2}.Debug|Any CPU.Build.0 = Debug|Any CPU
		{E56423BF-0140-45AB-BA24-70416066ECF2}.Release|Any CPU.ActiveCfg = Release|Any CPU
		{E56423BF-0140-45AB-BA24-70416066ECF2}.Release|Any CPU.Build.0 = Release|Any CPU
		{6AC33685-F84E-4CC8-B4B2-ED478B6FEB4B}.Debug|Any CPU.ActiveCfg = Debug|Any CPU
		{6AC33685-F84E-4CC8-B4B2-ED478B6FEB4B}.Debug|Any CPU.Build.0 = Debug|Any CPU
		{6AC33685-F84E-4CC8-B4B2-ED478B6FEB4B}.Release|Any CPU.ActiveCfg = Release|Any CPU
		{6AC33685-F84E-4CC8-B4B2-ED478B6FEB4B}.Release|Any CPU.Build.0 = Release|Any CPU
		{CA56B5CF-29B8-4ADA-8E43-A9AD6F9EB078}.Debug|Any CPU.ActiveCfg = Debug|Any CPU
		{CA56B5CF-29B8-4ADA-8E43-A9AD6F9EB078}.Debug|Any CPU.Build.0 = Debug|Any CPU
		{CA56B5CF-29B8-4ADA-8E43-A9AD6F9EB078}.Release|Any CPU.ActiveCfg = Release|Any CPU
		{CA56B5CF-29B8-4ADA-8E43-A9AD6F9EB078}.Release|Any CPU.Build.0 = Release|Any CPU
	EndGlobalSection
	GlobalSection(SolutionProperties) = preSolution
		HideSolutionNode = FALSE
	EndGlobalSection
	GlobalSection(ExtensibilityGlobals) = postSolution
		SolutionGuid = {5C6F5F1E-882D-44C4-8B2B-1D1A41B86A4B}
	EndGlobalSection
EndGlobal
